// !$*UTF8*$!
{
	archiveVersion = 1;
	classes = {
	};
	objectVersion = 56;
	objects = {

/* Begin PBXBuildFile section */
		D41E27882DBD7C3C0066A134 /* BottomSheetVC.swift in Sources */ = {isa = PBXBuildFile; fileRef = D41E27872DBD7C1B0066A134 /* BottomSheetVC.swift */; };
		D43164AE2DBD6FB700F25254 /* AppDelegate.swift in Sources */ = {isa = PBXBuildFile; fileRef = D43164AD2DBD6FB700F25254 /* AppDelegate.swift */; };
		D43164B02DBD6FB700F25254 /* SceneDelegate.swift in Sources */ = {isa = PBXBuildFile; fileRef = D43164AF2DBD6FB700F25254 /* SceneDelegate.swift */; };
		D43164B52DBD6FB700F25254 /* Base in Resources */ = {isa = PBXBuildFile; fileRef = D43164B42DBD6FB700F25254 /* Base */; };
		D43164B72DBD6FB900F25254 /* Assets.xcassets in Resources */ = {isa = PBXBuildFile; fileRef = D43164B62DBD6FB900F25254 /* Assets.xcassets */; };
		D43164BA2DBD6FB900F25254 /* Base in Resources */ = {isa = PBXBuildFile; fileRef = D43164B92DBD6FB900F25254 /* Base */; };
		D43164C52DBD6FB900F25254 /* CalendarAppTests.swift in Sources */ = {isa = PBXBuildFile; fileRef = D43164C42DBD6FB900F25254 /* CalendarAppTests.swift */; };
		D43164CF2DBD6FB900F25254 /* CalendarAppUITests.swift in Sources */ = {isa = PBXBuildFile; fileRef = D43164CE2DBD6FB900F25254 /* CalendarAppUITests.swift */; };
		D43164D12DBD6FB900F25254 /* CalendarAppUITestsLaunchTests.swift in Sources */ = {isa = PBXBuildFile; fileRef = D43164D02DBD6FB900F25254 /* CalendarAppUITestsLaunchTests.swift */; };
		D43164DF2DBD714600F25254 /* DateCollectionViewCell.swift in Sources */ = {isa = PBXBuildFile; fileRef = D43164DE2DBD714600F25254 /* DateCollectionViewCell.swift */; };
		D43164E22DBD717B00F25254 /* CalendarVC.swift in Sources */ = {isa = PBXBuildFile; fileRef = D43164E12DBD717B00F25254 /* CalendarVC.swift */; };
		D43164E52DBD747F00F25254 /* Event.swift in Sources */ = {isa = PBXBuildFile; fileRef = D43164E42DBD747F00F25254 /* Event.swift */; };
		D43164E72DBD86FF00F25254 /* CalendarDay.swift in Sources */ = {isa = PBXBuildFile; fileRef = D43164E62DBD86FF00F25254 /* CalendarDay.swift */; };
		D43164E92DC583C400F25254 /* EventCollectionViewCell.swift in Sources */ = {isa = PBXBuildFile; fileRef = D43164E82DC583C400F25254 /* EventCollectionViewCell.swift */; };
/* End PBXBuildFile section */

/* Begin PBXContainerItemProxy section */
		D43164C12DBD6FB900F25254 /* PBXContainerItemProxy */ = {
			isa = PBXContainerItemProxy;
			containerPortal = D43164A22DBD6FB700F25254 /* Project object */;
			proxyType = 1;
			remoteGlobalIDString = D43164A92DBD6FB700F25254;
			remoteInfo = CalendarApp;
		};
		D43164CB2DBD6FB900F25254 /* PBXContainerItemProxy */ = {
			isa = PBXContainerItemProxy;
			containerPortal = D43164A22DBD6FB700F25254 /* Project object */;
			proxyType = 1;
			remoteGlobalIDString = D43164A92DBD6FB700F25254;
			remoteInfo = CalendarApp;
		};
/* End PBXContainerItemProxy section */

/* Begin PBXFileReference section */
		D41E27872DBD7C1B0066A134 /* BottomSheetVC.swift */ = {isa = PBXFileReference; lastKnownFileType = sourcecode.swift; path = BottomSheetVC.swift; sourceTree = "<group>"; };
		D43164AA2DBD6FB700F25254 /* CalendarApp.app */ = {isa = PBXFileReference; explicitFileType = wrapper.application; includeInIndex = 0; path = CalendarApp.app; sourceTree = BUILT_PRODUCTS_DIR; };
		D43164AD2DBD6FB700F25254 /* AppDelegate.swift */ = {isa = PBXFileReference; lastKnownFileType = sourcecode.swift; path = AppDelegate.swift; sourceTree = "<group>"; };
		D43164AF2DBD6FB700F25254 /* SceneDelegate.swift */ = {isa = PBXFileReference; lastKnownFileType = sourcecode.swift; path = SceneDelegate.swift; sourceTree = "<group>"; };
		D43164B42DBD6FB700F25254 /* Base */ = {isa = PBXFileReference; lastKnownFileType = file.storyboard; name = Base; path = Base.lproj/Main.storyboard; sourceTree = "<group>"; };
		D43164B62DBD6FB900F25254 /* Assets.xcassets */ = {isa = PBXFileReference; lastKnownFileType = folder.assetcatalog; path = Assets.xcassets; sourceTree = "<group>"; };
		D43164B92DBD6FB900F25254 /* Base */ = {isa = PBXFileReference; lastKnownFileType = file.storyboard; name = Base; path = Base.lproj/LaunchScreen.storyboard; sourceTree = "<group>"; };
		D43164BB2DBD6FB900F25254 /* Info.plist */ = {isa = PBXFileReference; lastKnownFileType = text.plist.xml; path = Info.plist; sourceTree = "<group>"; };
		D43164C02DBD6FB900F25254 /* CalendarAppTests.xctest */ = {isa = PBXFileReference; explicitFileType = wrapper.cfbundle; includeInIndex = 0; path = CalendarAppTests.xctest; sourceTree = BUILT_PRODUCTS_DIR; };
		D43164C42DBD6FB900F25254 /* CalendarAppTests.swift */ = {isa = PBXFileReference; lastKnownFileType = sourcecode.swift; path = CalendarAppTests.swift; sourceTree = "<group>"; };
		D43164CA2DBD6FB900F25254 /* CalendarAppUITests.xctest */ = {isa = PBXFileReference; explicitFileType = wrapper.cfbundle; includeInIndex = 0; path = CalendarAppUITests.xctest; sourceTree = BUILT_PRODUCTS_DIR; };
		D43164CE2DBD6FB900F25254 /* CalendarAppUITests.swift */ = {isa = PBXFileReference; lastKnownFileType = sourcecode.swift; path = CalendarAppUITests.swift; sourceTree = "<group>"; };
		D43164D02DBD6FB900F25254 /* CalendarAppUITestsLaunchTests.swift */ = {isa = PBXFileReference; lastKnownFileType = sourcecode.swift; path = CalendarAppUITestsLaunchTests.swift; sourceTree = "<group>"; };
		D43164DE2DBD714600F25254 /* DateCollectionViewCell.swift */ = {isa = PBXFileReference; lastKnownFileType = sourcecode.swift; path = DateCollectionViewCell.swift; sourceTree = "<group>"; };
		D43164E12DBD717B00F25254 /* CalendarVC.swift */ = {isa = PBXFileReference; lastKnownFileType = sourcecode.swift; path = CalendarVC.swift; sourceTree = "<group>"; };
		D43164E42DBD747F00F25254 /* Event.swift */ = {isa = PBXFileReference; lastKnownFileType = sourcecode.swift; path = Event.swift; sourceTree = "<group>"; };
		D43164E62DBD86FF00F25254 /* CalendarDay.swift */ = {isa = PBXFileReference; lastKnownFileType = sourcecode.swift; path = CalendarDay.swift; sourceTree = "<group>"; };
		D43164E82DC583C400F25254 /* EventCollectionViewCell.swift */ = {isa = PBXFileReference; lastKnownFileType = sourcecode.swift; path = EventCollectionViewCell.swift; sourceTree = "<group>"; };
/* End PBXFileReference section */

/* Begin PBXFrameworksBuildPhase section */
		D43164A72DBD6FB700F25254 /* Frameworks */ = {
			isa = PBXFrameworksBuildPhase;
			buildActionMask = 2147483647;
			files = (
			);
			runOnlyForDeploymentPostprocessing = 0;
		};
		D43164BD2DBD6FB900F25254 /* Frameworks */ = {
			isa = PBXFrameworksBuildPhase;
			buildActionMask = 2147483647;
			files = (
			);
			runOnlyForDeploymentPostprocessing = 0;
		};
		D43164C72DBD6FB900F25254 /* Frameworks */ = {
			isa = PBXFrameworksBuildPhase;
			buildActionMask = 2147483647;
			files = (
			);
			runOnlyForDeploymentPostprocessing = 0;
		};
/* End PBXFrameworksBuildPhase section */

/* Begin PBXGroup section */
		D43164A12DBD6FB700F25254 = {
			isa = PBXGroup;
			children = (
				D43164AC2DBD6FB700F25254 /* CalendarApp */,
				D43164C32DBD6FB900F25254 /* CalendarAppTests */,
				D43164CD2DBD6FB900F25254 /* CalendarAppUITests */,
				D43164AB2DBD6FB700F25254 /* Products */,
			);
			sourceTree = "<group>";
		};
		D43164AB2DBD6FB700F25254 /* Products */ = {
			isa = PBXGroup;
			children = (
				D43164AA2DBD6FB700F25254 /* CalendarApp.app */,
				D43164C02DBD6FB900F25254 /* CalendarAppTests.xctest */,
				D43164CA2DBD6FB900F25254 /* CalendarAppUITests.xctest */,
			);
			name = Products;
			sourceTree = "<group>";
		};
		D43164AC2DBD6FB700F25254 /* CalendarApp */ = {
			isa = PBXGroup;
			children = (
				D43164E32DBD746D00F25254 /* Models */,
				D43164E02DBD715900F25254 /* Controllers */,
				D43164DD2DBD712E00F25254 /* Views */,
				D43164AD2DBD6FB700F25254 /* AppDelegate.swift */,
				D43164AF2DBD6FB700F25254 /* SceneDelegate.swift */,
				D43164B32DBD6FB700F25254 /* Main.storyboard */,
				D43164B62DBD6FB900F25254 /* Assets.xcassets */,
				D43164B82DBD6FB900F25254 /* LaunchScreen.storyboard */,
				D43164BB2DBD6FB900F25254 /* Info.plist */,
			);
			path = CalendarApp;
			sourceTree = "<group>";
		};
		D43164C32DBD6FB900F25254 /* CalendarAppTests */ = {
			isa = PBXGroup;
			children = (
				D43164C42DBD6FB900F25254 /* CalendarAppTests.swift */,
			);
			path = CalendarAppTests;
			sourceTree = "<group>";
		};
		D43164CD2DBD6FB900F25254 /* CalendarAppUITests */ = {
			isa = PBXGroup;
			children = (
				D43164CE2DBD6FB900F25254 /* CalendarAppUITests.swift */,
				D43164D02DBD6FB900F25254 /* CalendarAppUITestsLaunchTests.swift */,
			);
			path = CalendarAppUITests;
			sourceTree = "<group>";
		};
		D43164DD2DBD712E00F25254 /* Views */ = {
			isa = PBXGroup;
			children = (
				D43164DE2DBD714600F25254 /* DateCollectionViewCell.swift */,
				D43164E82DC583C400F25254 /* EventCollectionViewCell.swift */,
			);
			path = Views;
			sourceTree = "<group>";
		};
		D43164E02DBD715900F25254 /* Controllers */ = {
			isa = PBXGroup;
			children = (
				D43164E12DBD717B00F25254 /* CalendarVC.swift */,
				D41E27872DBD7C1B0066A134 /* BottomSheetVC.swift */,
			);
			path = Controllers;
			sourceTree = "<group>";
		};
		D43164E32DBD746D00F25254 /* Models */ = {
			isa = PBXGroup;
			children = (
				D43164E42DBD747F00F25254 /* Event.swift */,
				D43164E62DBD86FF00F25254 /* CalendarDay.swift */,
			);
			path = Models;
			sourceTree = "<group>";
		};
/* End PBXGroup section */

/* Begin PBXNativeTarget section */
		D43164A92DBD6FB700F25254 /* CalendarApp */ = {
			isa = PBXNativeTarget;
			buildConfigurationList = D43164D42DBD6FB900F25254 /* Build configuration list for PBXNativeTarget "CalendarApp" */;
			buildPhases = (
				D43164A62DBD6FB700F25254 /* Sources */,
				D43164A72DBD6FB700F25254 /* Frameworks */,
				D43164A82DBD6FB700F25254 /* Resources */,
			);
			buildRules = (
			);
			dependencies = (
			);
			name = CalendarApp;
			productName = CalendarApp;
			productReference = D43164AA2DBD6FB700F25254 /* CalendarApp.app */;
			productType = "com.apple.product-type.application";
		};
		D43164BF2DBD6FB900F25254 /* CalendarAppTests */ = {
			isa = PBXNativeTarget;
			buildConfigurationList = D43164D72DBD6FB900F25254 /* Build configuration list for PBXNativeTarget "CalendarAppTests" */;
			buildPhases = (
				D43164BC2DBD6FB900F25254 /* Sources */,
				D43164BD2DBD6FB900F25254 /* Frameworks */,
				D43164BE2DBD6FB900F25254 /* Resources */,
			);
			buildRules = (
			);
			dependencies = (
				D43164C22DBD6FB900F25254 /* PBXTargetDependency */,
			);
			name = CalendarAppTests;
			productName = CalendarAppTests;
			productReference = D43164C02DBD6FB900F25254 /* CalendarAppTests.xctest */;
			productType = "com.apple.product-type.bundle.unit-test";
		};
		D43164C92DBD6FB900F25254 /* CalendarAppUITests */ = {
			isa = PBXNativeTarget;
			buildConfigurationList = D43164DA2DBD6FB900F25254 /* Build configuration list for PBXNativeTarget "CalendarAppUITests" */;
			buildPhases = (
				D43164C62DBD6FB900F25254 /* Sources */,
				D43164C72DBD6FB900F25254 /* Frameworks */,
				D43164C82DBD6FB900F25254 /* Resources */,
			);
			buildRules = (
			);
			dependencies = (
				D43164CC2DBD6FB900F25254 /* PBXTargetDependency */,
			);
			name = CalendarAppUITests;
			productName = CalendarAppUITests;
			productReference = D43164CA2DBD6FB900F25254 /* CalendarAppUITests.xctest */;
			productType = "com.apple.product-type.bundle.ui-testing";
		};
/* End PBXNativeTarget section */

/* Begin PBXProject section */
		D43164A22DBD6FB700F25254 /* Project object */ = {
			isa = PBXProject;
			attributes = {
				BuildIndependentTargetsInParallel = 1;
				LastSwiftUpdateCheck = 1540;
				LastUpgradeCheck = 1540;
				TargetAttributes = {
					D43164A92DBD6FB700F25254 = {
						CreatedOnToolsVersion = 15.4;
					};
					D43164BF2DBD6FB900F25254 = {
						CreatedOnToolsVersion = 15.4;
						TestTargetID = D43164A92DBD6FB700F25254;
					};
					D43164C92DBD6FB900F25254 = {
						CreatedOnToolsVersion = 15.4;
						TestTargetID = D43164A92DBD6FB700F25254;
					};
				};
			};
			buildConfigurationList = D43164A52DBD6FB700F25254 /* Build configuration list for PBXProject "CalendarApp" */;
			compatibilityVersion = "Xcode 14.0";
			developmentRegion = en;
			hasScannedForEncodings = 0;
			knownRegions = (
				en,
				Base,
			);
			mainGroup = D43164A12DBD6FB700F25254;
			productRefGroup = D43164AB2DBD6FB700F25254 /* Products */;
			projectDirPath = "";
			projectRoot = "";
			targets = (
				D43164A92DBD6FB700F25254 /* CalendarApp */,
				D43164BF2DBD6FB900F25254 /* CalendarAppTests */,
				D43164C92DBD6FB900F25254 /* CalendarAppUITests */,
			);
		};
/* End PBXProject section */

/* Begin PBXResourcesBuildPhase section */
		D43164A82DBD6FB700F25254 /* Resources */ = {
			isa = PBXResourcesBuildPhase;
			buildActionMask = 2147483647;
			files = (
				D43164B72DBD6FB900F25254 /* Assets.xcassets in Resources */,
				D43164BA2DBD6FB900F25254 /* Base in Resources */,
				D43164B52DBD6FB700F25254 /* Base in Resources */,
			);
			runOnlyForDeploymentPostprocessing = 0;
		};
		D43164BE2DBD6FB900F25254 /* Resources */ = {
			isa = PBXResourcesBuildPhase;
			buildActionMask = 2147483647;
			files = (
			);
			runOnlyForDeploymentPostprocessing = 0;
		};
		D43164C82DBD6FB900F25254 /* Resources */ = {
			isa = PBXResourcesBuildPhase;
			buildActionMask = 2147483647;
			files = (
			);
			runOnlyForDeploymentPostprocessing = 0;
		};
/* End PBXResourcesBuildPhase section */

/* Begin PBXSourcesBuildPhase section */
		D43164A62DBD6FB700F25254 /* Sources */ = {
			isa = PBXSourcesBuildPhase;
			buildActionMask = 2147483647;
			files = (
				D43164E22DBD717B00F25254 /* CalendarVC.swift in Sources */,
				D43164E92DC583C400F25254 /* EventCollectionViewCell.swift in Sources */,
				D43164E72DBD86FF00F25254 /* CalendarDay.swift in Sources */,
				D43164AE2DBD6FB700F25254 /* AppDelegate.swift in Sources */,
				D43164B02DBD6FB700F25254 /* SceneDelegate.swift in Sources */,
				D41E27882DBD7C3C0066A134 /* BottomSheetVC.swift in Sources */,
				D43164E52DBD747F00F25254 /* Event.swift in Sources */,
				D43164DF2DBD714600F25254 /* DateCollectionViewCell.swift in Sources */,
			);
			runOnlyForDeploymentPostprocessing = 0;
		};
		D43164BC2DBD6FB900F25254 /* Sources */ = {
			isa = PBXSourcesBuildPhase;
			buildActionMask = 2147483647;
			files = (
				D43164C52DBD6FB900F25254 /* CalendarAppTests.swift in Sources */,
			);
			runOnlyForDeploymentPostprocessing = 0;
		};
		D43164C62DBD6FB900F25254 /* Sources */ = {
			isa = PBXSourcesBuildPhase;
			buildActionMask = 2147483647;
			files = (
				D43164D12DBD6FB900F25254 /* CalendarAppUITestsLaunchTests.swift in Sources */,
				D43164CF2DBD6FB900F25254 /* CalendarAppUITests.swift in Sources */,
			);
			runOnlyForDeploymentPostprocessing = 0;
		};
/* End PBXSourcesBuildPhase section */

/* Begin PBXTargetDependency section */
		D43164C22DBD6FB900F25254 /* PBXTargetDependency */ = {
			isa = PBXTargetDependency;
			target = D43164A92DBD6FB700F25254 /* CalendarApp */;
			targetProxy = D43164C12DBD6FB900F25254 /* PBXContainerItemProxy */;
		};
		D43164CC2DBD6FB900F25254 /* PBXTargetDependency */ = {
			isa = PBXTargetDependency;
			target = D43164A92DBD6FB700F25254 /* CalendarApp */;
			targetProxy = D43164CB2DBD6FB900F25254 /* PBXContainerItemProxy */;
		};
/* End PBXTargetDependency section */

/* Begin PBXVariantGroup section */
		D43164B32DBD6FB700F25254 /* Main.storyboard */ = {
			isa = PBXVariantGroup;
			children = (
				D43164B42DBD6FB700F25254 /* Base */,
			);
			name = Main.storyboard;
			sourceTree = "<group>";
		};
		D43164B82DBD6FB900F25254 /* LaunchScreen.storyboard */ = {
			isa = PBXVariantGroup;
			children = (
				D43164B92DBD6FB900F25254 /* Base */,
			);
			name = LaunchScreen.storyboard;
			sourceTree = "<group>";
		};
/* End PBXVariantGroup section */

/* Begin XCBuildConfiguration section */
		D43164D22DBD6FB900F25254 /* Debug */ = {
			isa = XCBuildConfiguration;
			buildSettings = {
				ALWAYS_SEARCH_USER_PATHS = NO;
				ASSETCATALOG_COMPILER_GENERATE_SWIFT_ASSET_SYMBOL_EXTENSIONS = YES;
				CLANG_ANALYZER_NONNULL = YES;
				CLANG_ANALYZER_NUMBER_OBJECT_CONVERSION = YES_AGGRESSIVE;
				CLANG_CXX_LANGUAGE_STANDARD = "gnu++20";
				CLANG_ENABLE_MODULES = YES;
				CLANG_ENABLE_OBJC_ARC = YES;
				CLANG_ENABLE_OBJC_WEAK = YES;
				CLANG_WARN_BLOCK_CAPTURE_AUTORELEASING = YES;
				CLANG_WARN_BOOL_CONVERSION = YES;
				CLANG_WARN_COMMA = YES;
				CLANG_WARN_CONSTANT_CONVERSION = YES;
				CLANG_WARN_DEPRECATED_OBJC_IMPLEMENTATIONS = YES;
				CLANG_WARN_DIRECT_OBJC_ISA_USAGE = YES_ERROR;
				CLANG_WARN_DOCUMENTATION_COMMENTS = YES;
				CLANG_WARN_EMPTY_BODY = YES;
				CLANG_WARN_ENUM_CONVERSION = YES;
				CLANG_WARN_INFINITE_RECURSION = YES;
				CLANG_WARN_INT_CONVERSION = YES;
				CLANG_WARN_NON_LITERAL_NULL_CONVERSION = YES;
				CLANG_WARN_OBJC_IMPLICIT_RETAIN_SELF = YES;
				CLANG_WARN_OBJC_LITERAL_CONVERSION = YES;
				CLANG_WARN_OBJC_ROOT_CLASS = YES_ERROR;
				CLANG_WARN_QUOTED_INCLUDE_IN_FRAMEWORK_HEADER = YES;
				CLANG_WARN_RANGE_LOOP_ANALYSIS = YES;
				CLANG_WARN_STRICT_PROTOTYPES = YES;
				CLANG_WARN_SUSPICIOUS_MOVE = YES;
				CLANG_WARN_UNGUARDED_AVAILABILITY = YES_AGGRESSIVE;
				CLANG_WARN_UNREACHABLE_CODE = YES;
				CLANG_WARN__DUPLICATE_METHOD_MATCH = YES;
				COPY_PHASE_STRIP = NO;
				DEBUG_INFORMATION_FORMAT = dwarf;
				ENABLE_STRICT_OBJC_MSGSEND = YES;
				ENABLE_TESTABILITY = YES;
				ENABLE_USER_SCRIPT_SANDBOXING = YES;
				GCC_C_LANGUAGE_STANDARD = gnu17;
				GCC_DYNAMIC_NO_PIC = NO;
				GCC_NO_COMMON_BLOCKS = YES;
				GCC_OPTIMIZATION_LEVEL = 0;
				GCC_PREPROCESSOR_DEFINITIONS = (
					"DEBUG=1",
					"$(inherited)",
				);
				GCC_WARN_64_TO_32_BIT_CONVERSION = YES;
				GCC_WARN_ABOUT_RETURN_TYPE = YES_ERROR;
				GCC_WARN_UNDECLARED_SELECTOR = YES;
				GCC_WARN_UNINITIALIZED_AUTOS = YES_AGGRESSIVE;
				GCC_WARN_UNUSED_FUNCTION = YES;
				GCC_WARN_UNUSED_VARIABLE = YES;
				IPHONEOS_DEPLOYMENT_TARGET = 17.5;
				LOCALIZATION_PREFERS_STRING_CATALOGS = YES;
				MTL_ENABLE_DEBUG_INFO = INCLUDE_SOURCE;
				MTL_FAST_MATH = YES;
				ONLY_ACTIVE_ARCH = YES;
				SDKROOT = iphoneos;
				SWIFT_ACTIVE_COMPILATION_CONDITIONS = "DEBUG $(inherited)";
				SWIFT_OPTIMIZATION_LEVEL = "-Onone";
			};
			name = Debug;
		};
		D43164D32DBD6FB900F25254 /* Release */ = {
			isa = XCBuildConfiguration;
			buildSettings = {
				ALWAYS_SEARCH_USER_PATHS = NO;
				ASSETCATALOG_COMPILER_GENERATE_SWIFT_ASSET_SYMBOL_EXTENSIONS = YES;
				CLANG_ANALYZER_NONNULL = YES;
				CLANG_ANALYZER_NUMBER_OBJECT_CONVERSION = YES_AGGRESSIVE;
				CLANG_CXX_LANGUAGE_STANDARD = "gnu++20";
				CLANG_ENABLE_MODULES = YES;
				CLANG_ENABLE_OBJC_ARC = YES;
				CLANG_ENABLE_OBJC_WEAK = YES;
				CLANG_WARN_BLOCK_CAPTURE_AUTORELEASING = YES;
				CLANG_WARN_BOOL_CONVERSION = YES;
				CLANG_WARN_COMMA = YES;
				CLANG_WARN_CONSTANT_CONVERSION = YES;
				CLANG_WARN_DEPRECATED_OBJC_IMPLEMENTATIONS = YES;
				CLANG_WARN_DIRECT_OBJC_ISA_USAGE = YES_ERROR;
				CLANG_WARN_DOCUMENTATION_COMMENTS = YES;
				CLANG_WARN_EMPTY_BODY = YES;
				CLANG_WARN_ENUM_CONVERSION = YES;
				CLANG_WARN_INFINITE_RECURSION = YES;
				CLANG_WARN_INT_CONVERSION = YES;
				CLANG_WARN_NON_LITERAL_NULL_CONVERSION = YES;
				CLANG_WARN_OBJC_IMPLICIT_RETAIN_SELF = YES;
				CLANG_WARN_OBJC_LITERAL_CONVERSION = YES;
				CLANG_WARN_OBJC_ROOT_CLASS = YES_ERROR;
				CLANG_WARN_QUOTED_INCLUDE_IN_FRAMEWORK_HEADER = YES;
				CLANG_WARN_RANGE_LOOP_ANALYSIS = YES;
				CLANG_WARN_STRICT_PROTOTYPES = YES;
				CLANG_WARN_SUSPICIOUS_MOVE = YES;
				CLANG_WARN_UNGUARDED_AVAILABILITY = YES_AGGRESSIVE;
				CLANG_WARN_UNREACHABLE_CODE = YES;
				CLANG_WARN__DUPLICATE_METHOD_MATCH = YES;
				COPY_PHASE_STRIP = NO;
				DEBUG_INFORMATION_FORMAT = "dwarf-with-dsym";
				ENABLE_NS_ASSERTIONS = NO;
				ENABLE_STRICT_OBJC_MSGSEND = YES;
				ENABLE_USER_SCRIPT_SANDBOXING = YES;
				GCC_C_LANGUAGE_STANDARD = gnu17;
				GCC_NO_COMMON_BLOCKS = YES;
				GCC_WARN_64_TO_32_BIT_CONVERSION = YES;
				GCC_WARN_ABOUT_RETURN_TYPE = YES_ERROR;
				GCC_WARN_UNDECLARED_SELECTOR = YES;
				GCC_WARN_UNINITIALIZED_AUTOS = YES_AGGRESSIVE;
				GCC_WARN_UNUSED_FUNCTION = YES;
				GCC_WARN_UNUSED_VARIABLE = YES;
				IPHONEOS_DEPLOYMENT_TARGET = 17.5;
				LOCALIZATION_PREFERS_STRING_CATALOGS = YES;
				MTL_ENABLE_DEBUG_INFO = NO;
				MTL_FAST_MATH = YES;
				SDKROOT = iphoneos;
				SWIFT_COMPILATION_MODE = wholemodule;
				VALIDATE_PRODUCT = YES;
			};
			name = Release;
		};
		D43164D52DBD6FB900F25254 /* Debug */ = {
			isa = XCBuildConfiguration;
			buildSettings = {
				ASSETCATALOG_COMPILER_APPICON_NAME = AppIcon;
				ASSETCATALOG_COMPILER_GLOBAL_ACCENT_COLOR_NAME = AccentColor;
				CODE_SIGN_STYLE = Automatic;
				CURRENT_PROJECT_VERSION = 1;
				GENERATE_INFOPLIST_FILE = YES;
				INFOPLIST_FILE = CalendarApp/Info.plist;
				INFOPLIST_KEY_UIApplicationSupportsIndirectInputEvents = YES;
				INFOPLIST_KEY_UILaunchStoryboardName = LaunchScreen;
				INFOPLIST_KEY_UIMainStoryboardFile = Main;
				INFOPLIST_KEY_UISupportedInterfaceOrientations_iPad = "UIInterfaceOrientationPortrait UIInterfaceOrientationPortraitUpsideDown UIInterfaceOrientationLandscapeLeft UIInterfaceOrientationLandscapeRight";
				INFOPLIST_KEY_UISupportedInterfaceOrientations_iPhone = "UIInterfaceOrientationPortrait UIInterfaceOrientationLandscapeLeft UIInterfaceOrientationLandscapeRight";
				LD_RUNPATH_SEARCH_PATHS = (
					"$(inherited)",
					"@executable_path/Frameworks",
				);
				MARKETING_VERSION = 1.0;
				PRODUCT_BUNDLE_IDENTIFIER = com.CalendarApp;
				PRODUCT_NAME = "$(TARGET_NAME)";
				SWIFT_EMIT_LOC_STRINGS = YES;
				SWIFT_VERSION = 5.0;
				TARGETED_DEVICE_FAMILY = "1,2";
			};
			name = Debug;
		};
		D43164D62DBD6FB900F25254 /* Release */ = {
			isa = XCBuildConfiguration;
			buildSettings = {
				ASSETCATALOG_COMPILER_APPICON_NAME = AppIcon;
				ASSETCATALOG_COMPILER_GLOBAL_ACCENT_COLOR_NAME = AccentColor;
				CODE_SIGN_STYLE = Automatic;
				CURRENT_PROJECT_VERSION = 1;
				GENERATE_INFOPLIST_FILE = YES;
				INFOPLIST_FILE = CalendarApp/Info.plist;
				INFOPLIST_KEY_UIApplicationSupportsIndirectInputEvents = YES;
				INFOPLIST_KEY_UILaunchStoryboardName = LaunchScreen;
				INFOPLIST_KEY_UIMainStoryboardFile = Main;
				INFOPLIST_KEY_UISupportedInterfaceOrientations_iPad = "UIInterfaceOrientationPortrait UIInterfaceOrientationPortraitUpsideDown UIInterfaceOrientationLandscapeLeft UIInterfaceOrientationLandscapeRight";
				INFOPLIST_KEY_UISupportedInterfaceOrientations_iPhone = "UIInterfaceOrientationPortrait UIInterfaceOrientationLandscapeLeft UIInterfaceOrientationLandscapeRight";
				LD_RUNPATH_SEARCH_PATHS = (
					"$(inherited)",
					"@executable_path/Frameworks",
				);
				MARKETING_VERSION = 1.0;
				PRODUCT_BUNDLE_IDENTIFIER = com.CalendarApp;
				PRODUCT_NAME = "$(TARGET_NAME)";
				SWIFT_EMIT_LOC_STRINGS = YES;
				SWIFT_VERSION = 5.0;
				TARGETED_DEVICE_FAMILY = "1,2";
			};
			name = Release;
		};
		D43164D82DBD6FB900F25254 /* Debug */ = {
			isa = XCBuildConfiguration;
			buildSettings = {
				ALWAYS_EMBED_SWIFT_STANDARD_LIBRARIES = YES;
				BUNDLE_LOADER = "$(TEST_HOST)";
				CODE_SIGN_STYLE = Automatic;
				CURRENT_PROJECT_VERSION = 1;
				GENERATE_INFOPLIST_FILE = YES;
				IPHONEOS_DEPLOYMENT_TARGET = 17.5;
				MARKETING_VERSION = 1.0;
				PRODUCT_BUNDLE_IDENTIFIER = com.CalendarAppTests;
				PRODUCT_NAME = "$(TARGET_NAME)";
				SWIFT_EMIT_LOC_STRINGS = NO;
				SWIFT_VERSION = 5.0;
				TARGETED_DEVICE_FAMILY = "1,2";
				TEST_HOST = "$(BUILT_PRODUCTS_DIR)/CalendarApp.app/$(BUNDLE_EXECUTABLE_FOLDER_PATH)/CalendarApp";
			};
			name = Debug;
		};
		D43164D92DBD6FB900F25254 /* Release */ = {
			isa = XCBuildConfiguration;
			buildSettings = {
				ALWAYS_EMBED_SWIFT_STANDARD_LIBRARIES = YES;
				BUNDLE_LOADER = "$(TEST_HOST)";
				CODE_SIGN_STYLE = Automatic;
				CURRENT_PROJECT_VERSION = 1;
				GENERATE_INFOPLIST_FILE = YES;
				IPHONEOS_DEPLOYMENT_TARGET = 17.5;
				MARKETING_VERSION = 1.0;
				PRODUCT_BUNDLE_IDENTIFIER = com.CalendarAppTests;
				PRODUCT_NAME = "$(TARGET_NAME)";
				SWIFT_EMIT_LOC_STRINGS = NO;
				SWIFT_VERSION = 5.0;
				TARGETED_DEVICE_FAMILY = "1,2";
				TEST_HOST = "$(BUILT_PRODUCTS_DIR)/CalendarApp.app/$(BUNDLE_EXECUTABLE_FOLDER_PATH)/CalendarApp";
			};
			name = Release;
		};
		D43164DB2DBD6FB900F25254 /* Debug */ = {
			isa = XCBuildConfiguration;
			buildSettings = {
				ALWAYS_EMBED_SWIFT_STANDARD_LIBRARIES = YES;
				CODE_SIGN_STYLE = Automatic;
				CURRENT_PROJECT_VERSION = 1;
				GENERATE_INFOPLIST_FILE = YES;
				MARKETING_VERSION = 1.0;
				PRODUCT_BUNDLE_IDENTIFIER = com.CalendarAppUITests;
				PRODUCT_NAME = "$(TARGET_NAME)";
				SWIFT_EMIT_LOC_STRINGS = NO;
				SWIFT_VERSION = 5.0;
				TARGETED_DEVICE_FAMILY = "1,2";
				TEST_TARGET_NAME = CalendarApp;
			};
			name = Debug;
		};
		D43164DC2DBD6FB900F25254 /* Release */ = {
			isa = XCBuildConfiguration;
			buildSettings = {
				ALWAYS_EMBED_SWIFT_STANDARD_LIBRARIES = YES;
				CODE_SIGN_STYLE = Automatic;
				CURRENT_PROJECT_VERSION = 1;
				GENERATE_INFOPLIST_FILE = YES;
				MARKETING_VERSION = 1.0;
				PRODUCT_BUNDLE_IDENTIFIER = com.CalendarAppUITests;
				PRODUCT_NAME = "$(TARGET_NAME)";
				SWIFT_EMIT_LOC_STRINGS = NO;
				SWIFT_VERSION = 5.0;
				TARGETED_DEVICE_FAMILY = "1,2";
				TEST_TARGET_NAME = CalendarApp;
			};
			name = Release;
		};
/* End XCBuildConfiguration section */

/* Begin XCConfigurationList section */
		D43164A52DBD6FB700F25254 /* Build configuration list for PBXProject "CalendarApp" */ = {
			isa = XCConfigurationList;
			buildConfigurations = (
				D43164D22DBD6FB900F25254 /* Debug */,
				D43164D32DBD6FB900F25254 /* Release */,
			);
			defaultConfigurationIsVisible = 0;
			defaultConfigurationName = Release;
		};
		D43164D42DBD6FB900F25254 /* Build configuration list for PBXNativeTarget "CalendarApp" */ = {
			isa = XCConfigurationList;
			buildConfigurations = (
				D43164D52DBD6FB900F25254 /* Debug */,
				D43164D62DBD6FB900F25254 /* Release */,
			);
			defaultConfigurationIsVisible = 0;
			defaultConfigurationName = Release;
		};
		D43164D72DBD6FB900F25254 /* Build configuration list for PBXNativeTarget "CalendarAppTests" */ = {
			isa = XCConfigurationList;
			buildConfigurations = (
				D43164D82DBD6FB900F25254 /* Debug */,
				D43164D92DBD6FB900F25254 /* Release */,
			);
			defaultConfigurationIsVisible = 0;
			defaultConfigurationName = Release;
		};
		D43164DA2DBD6FB900F25254 /* Build configuration list for PBXNativeTarget "CalendarAppUITests" */ = {
			isa = XCConfigurationList;
			buildConfigurations = (
				D43164DB2DBD6FB900F25254 /* Debug */,
				D43164DC2DBD6FB900F25254 /* Release */,
			);
			defaultConfigurationIsVisible = 0;
			defaultConfigurationName = Release;
		};
/* End XCConfigurationList section */
	};
	rootObject = D43164A22DBD6FB700F25254 /* Project object */;
}
